{
  "nodes": {
    "aquamarine": {
      "inputs": {
        "hyprutils": [
          "xremap-flake",
          "hyprland",
          "hyprutils"
        ],
        "hyprwayland-scanner": [
          "xremap-flake",
          "hyprland",
          "hyprwayland-scanner"
        ],
        "nixpkgs": [
          "xremap-flake",
          "hyprland",
          "nixpkgs"
        ],
        "systems": [
          "xremap-flake",
          "hyprland",
          "systems"
        ]
      },
      "locked": {
        "lastModified": 1737636397,
        "narHash": "sha256-F5MbBj3QVorycVSFE9qjuOTLtIQBqt2VWbXa0uwzm98=",
        "owner": "hyprwm",
        "repo": "aquamarine",
        "rev": "7fe006981fae53e931f513026fc754e322f13145",
        "type": "github"
      },
      "original": {
        "owner": "hyprwm",
        "repo": "aquamarine",
        "type": "github"
      }
    },
    "crane": {
      "locked": {
        "lastModified": 1737689766,
        "narHash": "sha256-ivVXYaYlShxYoKfSo5+y5930qMKKJ8CLcAoIBPQfJ6s=",
        "owner": "ipetkov",
        "repo": "crane",
        "rev": "6fe74265bbb6d016d663b1091f015e2976c4a527",
        "type": "github"
      },
      "original": {
        "owner": "ipetkov",
        "repo": "crane",
        "type": "github"
      }
    },
    "devshell": {
      "inputs": {
        "nixpkgs": "nixpkgs_3"
      },
      "locked": {
        "lastModified": 1735644329,
        "narHash": "sha256-tO3HrHriyLvipc4xr+Ewtdlo7wM1OjXNjlWRgmM7peY=",
        "owner": "numtide",
        "repo": "devshell",
        "rev": "f7795ede5b02664b57035b3b757876703e2c3eac",
        "type": "github"
      },
      "original": {
        "owner": "numtide",
        "repo": "devshell",
        "type": "github"
      }
    },
    "firefox-addons": {
      "inputs": {
        "flake-utils": "flake-utils",
        "nixpkgs": [
          "nixpkgs"
        ]
      },
      "locked": {
        "dir": "pkgs/firefox-addons",
        "lastModified": 1739314801,
        "narHash": "sha256-3MLVCOggnfIdV/IN9J+Q+2zQcxF9KIhdjpuAcnwSfss=",
        "owner": "rycee",
        "repo": "nur-expressions",
        "rev": "28e64f6d044b25dcf64d42a9f0f55c9e271a1b7e",
        "type": "gitlab"
      },
      "original": {
        "dir": "pkgs/firefox-addons",
        "owner": "rycee",
        "repo": "nur-expressions",
        "type": "gitlab"
      }
    },
    "flake-compat": {
      "flake": false,
      "locked": {
        "lastModified": 1717312683,
        "narHash": "sha256-FrlieJH50AuvagamEvWMIE6D2OAnERuDboFDYAED/dE=",
        "owner": "nix-community",
        "repo": "flake-compat",
        "rev": "38fd3954cf65ce6faf3d0d45cd26059e059f07ea",
        "type": "github"
      },
      "original": {
        "owner": "nix-community",
        "repo": "flake-compat",
        "type": "github"
      }
    },
    "flake-compat_2": {
      "flake": false,
      "locked": {
        "lastModified": 1696426674,
        "narHash": "sha256-kvjfFW7WAETZlt09AgDn1MrtKzP7t90Vf7vypd3OL1U=",
        "owner": "edolstra",
        "repo": "flake-compat",
        "rev": "0f9255e01c2351cc7d116c072cb317785dd33b33",
        "type": "github"
      },
      "original": {
        "owner": "edolstra",
        "repo": "flake-compat",
        "type": "github"
      }
    },
    "flake-parts": {
      "inputs": {
        "nixpkgs-lib": "nixpkgs-lib"
      },
      "locked": {
        "lastModified": 1736143030,
        "narHash": "sha256-+hu54pAoLDEZT9pjHlqL9DNzWz0NbUn8NEAHP7PQPzU=",
        "owner": "hercules-ci",
        "repo": "flake-parts",
        "rev": "b905f6fc23a9051a6e1b741e1438dbfc0634c6de",
        "type": "github"
      },
      "original": {
        "owner": "hercules-ci",
        "repo": "flake-parts",
        "type": "github"
      }
    },
    "flake-utils": {
      "locked": {
        "lastModified": 1629284811,
        "narHash": "sha256-JHgasjPR0/J1J3DRm4KxM4zTyAj4IOJY8vIl75v/kPI=",
        "owner": "numtide",
        "repo": "flake-utils",
        "rev": "c5d161cc0af116a2e17f54316f0bf43f0819785c",
        "type": "github"
      },
      "original": {
        "owner": "numtide",
        "repo": "flake-utils",
        "type": "github"
      }
    },
    "gitignore": {
      "inputs": {
        "nixpkgs": [
          "xremap-flake",
          "hyprland",
          "pre-commit-hooks",
          "nixpkgs"
        ]
      },
      "locked": {
        "lastModified": 1709087332,
        "narHash": "sha256-HG2cCnktfHsKV0s4XW83gU3F57gaTljL9KNSuG6bnQs=",
        "owner": "hercules-ci",
        "repo": "gitignore.nix",
        "rev": "637db329424fd7e46cf4185293b9cc8c88c95394",
        "type": "github"
      },
      "original": {
        "owner": "hercules-ci",
        "repo": "gitignore.nix",
        "type": "github"
      }
    },
    "home-manager": {
      "inputs": {
        "nixpkgs": [
          "nixpkgs"
        ]
      },
      "locked": {
        "lastModified": 1739314552,
        "narHash": "sha256-ggVf2BclyIW3jexc/uvgsgJH4e2cuG6Nyg54NeXgbFI=",
        "owner": "nix-community",
        "repo": "home-manager",
        "rev": "83bd3a26ac0526ae04fa74df46738bb44b89dcdd",
        "type": "github"
      },
      "original": {
        "owner": "nix-community",
        "repo": "home-manager",
        "type": "github"
      }
    },
    "home-manager_2": {
      "inputs": {
        "nixpkgs": "nixpkgs_4"
      },
      "locked": {
        "lastModified": 1737968762,
        "narHash": "sha256-xiPARGKwocaMtv+U/rgi+h2g56CZZEmrcl7ldRaslq8=",
        "owner": "nix-community",
        "repo": "home-manager",
        "rev": "e1ae908bcc30af792b0bb0a52e53b03d2577255e",
        "type": "github"
      },
      "original": {
        "owner": "nix-community",
        "repo": "home-manager",
        "type": "github"
      }
    },
    "hyprcursor": {
      "inputs": {
        "hyprlang": [
          "xremap-flake",
          "hyprland",
          "hyprlang"
        ],
        "nixpkgs": [
          "xremap-flake",
          "hyprland",
          "nixpkgs"
        ],
        "systems": [
          "xremap-flake",
          "hyprland",
          "systems"
        ]
      },
      "locked": {
        "lastModified": 1737634937,
        "narHash": "sha256-Ffw4ujFpi++6pPHe+gCBOfDgAoNlzVPZN6MReC1beu8=",
        "owner": "hyprwm",
        "repo": "hyprcursor",
        "rev": "9c5dd1f7c825ee47f72727ad0a4e16ca46a2688e",
        "type": "github"
      },
      "original": {
        "owner": "hyprwm",
        "repo": "hyprcursor",
        "type": "github"
      }
    },
    "hyprgraphics": {
      "inputs": {
        "hyprutils": [
          "xremap-flake",
          "hyprland",
          "hyprutils"
        ],
        "nixpkgs": [
          "xremap-flake",
          "hyprland",
          "nixpkgs"
        ],
        "systems": [
          "xremap-flake",
          "hyprland",
          "systems"
        ]
      },
      "locked": {
        "lastModified": 1737985436,
        "narHash": "sha256-zx8FdI4zr2GhNyD1YGAqa2ymodAObTSAdwuWwVucewo=",
        "owner": "hyprwm",
        "repo": "hyprgraphics",
        "rev": "23783b96036f5506fdaf8b2250a1ef849d57f0d3",
        "type": "github"
      },
      "original": {
        "owner": "hyprwm",
        "repo": "hyprgraphics",
        "type": "github"
      }
    },
    "hyprland": {
      "inputs": {
        "aquamarine": "aquamarine",
        "hyprcursor": "hyprcursor",
        "hyprgraphics": "hyprgraphics",
        "hyprland-protocols": "hyprland-protocols",
        "hyprland-qtutils": "hyprland-qtutils",
        "hyprlang": "hyprlang",
        "hyprutils": "hyprutils",
        "hyprwayland-scanner": "hyprwayland-scanner",
        "nixpkgs": "nixpkgs_5",
        "pre-commit-hooks": "pre-commit-hooks",
        "systems": "systems",
        "xdph": "xdph"
      },
      "locked": {
        "lastModified": 1738107811,
        "narHash": "sha256-+57jB0fv53OmAQ8QpK3eiRXfypBfKJtfdepRusNX+DM=",
        "owner": "hyprwm",
        "repo": "Hyprland",
        "rev": "3d1dd6b5c7b90e513e86c1ad27c6c01a5c69e4f8",
        "type": "github"
      },
      "original": {
        "owner": "hyprwm",
        "repo": "Hyprland",
        "type": "github"
      }
    },
    "hyprland-protocols": {
      "inputs": {
        "nixpkgs": [
          "xremap-flake",
          "hyprland",
          "nixpkgs"
        ],
        "systems": [
          "xremap-flake",
          "hyprland",
          "systems"
        ]
      },
      "locked": {
        "lastModified": 1737556638,
        "narHash": "sha256-laKgI3mr2qz6tas/q3tuGPxMdsGhBi/w+HO+hO2f1AY=",
        "owner": "hyprwm",
        "repo": "hyprland-protocols",
        "rev": "4c75dd5c015c8a0e5a34c6d02a018a650f57feb5",
        "type": "github"
      },
      "original": {
        "owner": "hyprwm",
        "repo": "hyprland-protocols",
        "type": "github"
      }
    },
    "hyprland-qt-support": {
      "inputs": {
        "hyprlang": [
          "xremap-flake",
          "hyprland",
          "hyprland-qtutils",
          "hyprlang"
        ],
        "nixpkgs": [
          "xremap-flake",
          "hyprland",
          "hyprland-qtutils",
          "nixpkgs"
        ],
        "systems": [
          "xremap-flake",
          "hyprland",
          "hyprland-qtutils",
          "systems"
        ]
      },
      "locked": {
        "lastModified": 1737634706,
        "narHash": "sha256-nGCibkfsXz7ARx5R+SnisRtMq21IQIhazp6viBU8I/A=",
        "owner": "hyprwm",
        "repo": "hyprland-qt-support",
        "rev": "8810df502cdee755993cb803eba7b23f189db795",
        "type": "github"
      },
      "original": {
        "owner": "hyprwm",
        "repo": "hyprland-qt-support",
        "type": "github"
      }
    },
    "hyprland-qtutils": {
      "inputs": {
        "hyprland-qt-support": "hyprland-qt-support",
        "hyprlang": [
          "xremap-flake",
          "hyprland",
          "hyprlang"
        ],
        "hyprutils": [
          "xremap-flake",
          "hyprland",
          "hyprland-qtutils",
          "hyprlang",
          "hyprutils"
        ],
        "nixpkgs": [
          "xremap-flake",
          "hyprland",
          "nixpkgs"
        ],
        "systems": [
          "xremap-flake",
          "hyprland",
          "systems"
        ]
      },
      "locked": {
        "lastModified": 1737981711,
        "narHash": "sha256-lh6cL5D8nPplB3WovCQjLUZ7k7MViiBrMlpkfm4R7/c=",
        "owner": "hyprwm",
        "repo": "hyprland-qtutils",
        "rev": "96bf0677fa9cd13508294e3d4559dfbbc8beff73",
        "type": "github"
      },
      "original": {
        "owner": "hyprwm",
        "repo": "hyprland-qtutils",
        "type": "github"
      }
    },
    "hyprlang": {
      "inputs": {
        "hyprutils": [
          "xremap-flake",
          "hyprland",
          "hyprutils"
        ],
        "nixpkgs": [
          "xremap-flake",
          "hyprland",
          "nixpkgs"
        ],
        "systems": [
          "xremap-flake",
          "hyprland",
          "systems"
        ]
      },
      "locked": {
        "lastModified": 1737634606,
        "narHash": "sha256-W7W87Cv6wqZ9PHegI6rH1+ve3zJPiyevMFf0/HwdbCQ=",
        "owner": "hyprwm",
        "repo": "hyprlang",
        "rev": "f41271d35cc0f370d300413d756c2677f386af9d",
        "type": "github"
      },
      "original": {
        "owner": "hyprwm",
        "repo": "hyprlang",
        "type": "github"
      }
    },
    "hyprutils": {
      "inputs": {
        "nixpkgs": [
          "xremap-flake",
          "hyprland",
          "nixpkgs"
        ],
        "systems": [
          "xremap-flake",
          "hyprland",
          "systems"
        ]
      },
      "locked": {
        "lastModified": 1737978343,
        "narHash": "sha256-TfFS0HCEJh63Kahrkp1h9hVDMdLU8a37Zz+IFucxyfA=",
        "owner": "hyprwm",
        "repo": "hyprutils",
        "rev": "6a8bc9d2a4451df12f5179dc0b1d2d46518a90ab",
        "type": "github"
      },
      "original": {
        "owner": "hyprwm",
        "repo": "hyprutils",
        "type": "github"
      }
    },
    "hyprwayland-scanner": {
      "inputs": {
        "nixpkgs": [
          "xremap-flake",
          "hyprland",
          "nixpkgs"
        ],
        "systems": [
          "xremap-flake",
          "hyprland",
          "systems"
        ]
      },
      "locked": {
        "lastModified": 1735493474,
        "narHash": "sha256-fktzv4NaqKm94VAkAoVqO/nqQlw+X0/tJJNAeCSfzK4=",
        "owner": "hyprwm",
        "repo": "hyprwayland-scanner",
        "rev": "de913476b59ee88685fdc018e77b8f6637a2ae0b",
        "type": "github"
      },
      "original": {
        "owner": "hyprwm",
        "repo": "hyprwayland-scanner",
        "type": "github"
      }
    },
    "nixos-cosmic": {
      "inputs": {
        "flake-compat": "flake-compat",
        "nixpkgs": "nixpkgs",
        "nixpkgs-stable": "nixpkgs-stable"
      },
      "locked": {
        "lastModified": 1739324906,
        "narHash": "sha256-c8YO5AznU1Ct1goKgMJCzFqajUpOru/U7knlgfOri/4=",
        "owner": "lilyinstarlight",
        "repo": "nixos-cosmic",
        "rev": "98969e677cee822328f0000227aefb008bd3c5e0",
        "type": "github"
      },
      "original": {
        "owner": "lilyinstarlight",
        "repo": "nixos-cosmic",
        "type": "github"
      }
    },
    "nixpkgs": {
      "locked": {
        "lastModified": 1739214665,
        "narHash": "sha256-26L8VAu3/1YRxS8MHgBOyOM8xALdo6N0I04PgorE7UM=",
        "owner": "NixOS",
        "repo": "nixpkgs",
        "rev": "64e75cd44acf21c7933d61d7721e812eac1b5a0a",
        "type": "github"
      },
      "original": {
        "owner": "NixOS",
        "ref": "nixos-unstable",
        "repo": "nixpkgs",
        "type": "github"
      }
    },
    "nixpkgs-lib": {
      "locked": {
        "lastModified": 1735774519,
        "narHash": "sha256-CewEm1o2eVAnoqb6Ml+Qi9Gg/EfNAxbRx1lANGVyoLI=",
        "type": "tarball",
        "url": "https://github.com/NixOS/nixpkgs/archive/e9b51731911566bbf7e4895475a87fe06961de0b.tar.gz"
      },
      "original": {
        "type": "tarball",
        "url": "https://github.com/NixOS/nixpkgs/archive/e9b51731911566bbf7e4895475a87fe06961de0b.tar.gz"
      }
    },
    "nixpkgs-stable": {
      "locked": {
        "lastModified": 1739206421,
        "narHash": "sha256-PwQASeL2cGVmrtQYlrBur0U20Xy07uSWVnFup2PHnDs=",
        "owner": "NixOS",
        "repo": "nixpkgs",
        "rev": "44534bc021b85c8d78e465021e21f33b856e2540",
        "type": "github"
      },
      "original": {
        "owner": "NixOS",
        "ref": "nixos-24.11",
        "repo": "nixpkgs",
        "type": "github"
      }
    },
    "nixpkgs_2": {
      "locked": {
        "lastModified": 1739214665,
        "narHash": "sha256-26L8VAu3/1YRxS8MHgBOyOM8xALdo6N0I04PgorE7UM=",
        "owner": "nixos",
        "repo": "nixpkgs",
        "rev": "64e75cd44acf21c7933d61d7721e812eac1b5a0a",
        "type": "github"
      },
      "original": {
        "owner": "nixos",
        "ref": "nixos-unstable",
        "repo": "nixpkgs",
        "type": "github"
      }
    },
    "nixpkgs_3": {
      "locked": {
        "lastModified": 1722073938,
        "narHash": "sha256-OpX0StkL8vpXyWOGUD6G+MA26wAXK6SpT94kLJXo6B4=",
        "owner": "NixOS",
        "repo": "nixpkgs",
        "rev": "e36e9f57337d0ff0cf77aceb58af4c805472bfae",
        "type": "github"
      },
      "original": {
        "owner": "NixOS",
        "ref": "nixpkgs-unstable",
        "repo": "nixpkgs",
        "type": "github"
      }
    },
    "nixpkgs_4": {
      "locked": {
        "lastModified": 1737746512,
        "narHash": "sha256-nU6AezEX4EuahTO1YopzueAXfjFfmCHylYEFCagduHU=",
        "owner": "NixOS",
        "repo": "nixpkgs",
        "rev": "825479c345a7f806485b7f00dbe3abb50641b083",
        "type": "github"
      },
      "original": {
        "owner": "NixOS",
        "ref": "nixos-unstable",
        "repo": "nixpkgs",
        "type": "github"
      }
    },
    "nixpkgs_5": {
      "locked": {
        "lastModified": 1737885589,
        "narHash": "sha256-Zf0hSrtzaM1DEz8//+Xs51k/wdSajticVrATqDrfQjg=",
        "owner": "NixOS",
        "repo": "nixpkgs",
        "rev": "852ff1d9e153d8875a83602e03fdef8a63f0ecf8",
        "type": "github"
      },
      "original": {
        "owner": "NixOS",
        "ref": "nixos-unstable",
        "repo": "nixpkgs",
        "type": "github"
      }
    },
    "nixpkgs_6": {
      "locked": {
        "lastModified": 1738009863,
        "narHash": "sha256-KxmFlQ2j9PpDhKRXWu85bv3R2wmfkUqdpJhEwz9JN/E=",
        "owner": "NixOS",
        "repo": "nixpkgs",
        "rev": "f898cbfddfab52593da301a397a17d0af801bbc3",
        "type": "github"
      },
      "original": {
        "owner": "NixOS",
        "ref": "nixpkgs-unstable",
        "repo": "nixpkgs",
        "type": "github"
      }
    },
    "nixpkgs_7": {
      "locked": {
        "lastModified": 1735554305,
        "narHash": "sha256-zExSA1i/b+1NMRhGGLtNfFGXgLtgo+dcuzHzaWA6w3Q=",
        "owner": "nixos",
        "repo": "nixpkgs",
        "rev": "0e82ab234249d8eee3e8c91437802b32c74bb3fd",
        "type": "github"
      },
      "original": {
        "owner": "nixos",
        "ref": "nixpkgs-unstable",
        "repo": "nixpkgs",
        "type": "github"
      }
    },
    "pre-commit-hooks": {
      "inputs": {
        "flake-compat": "flake-compat_2",
        "gitignore": "gitignore",
        "nixpkgs": [
          "xremap-flake",
          "hyprland",
          "nixpkgs"
        ]
      },
      "locked": {
        "lastModified": 1737465171,
        "narHash": "sha256-R10v2hoJRLq8jcL4syVFag7nIGE7m13qO48wRIukWNg=",
        "owner": "cachix",
        "repo": "git-hooks.nix",
        "rev": "9364dc02281ce2d37a1f55b6e51f7c0f65a75f17",
        "type": "github"
      },
      "original": {
        "owner": "cachix",
        "repo": "git-hooks.nix",
        "type": "github"
      }
    },
    "root": {
      "inputs": {
        "firefox-addons": "firefox-addons",
        "home-manager": "home-manager",
        "nixos-cosmic": "nixos-cosmic",
        "nixpkgs": "nixpkgs_2",
        "xremap-flake": "xremap-flake"
      }
    },
    "systems": {
      "locked": {
        "lastModified": 1689347949,
        "narHash": "sha256-12tWmuL2zgBgZkdoB6qXZsgJEH9LR3oUgpaQq2RbI80=",
        "owner": "nix-systems",
        "repo": "default-linux",
        "rev": "31732fcf5e8fea42e59c2488ad31a0e651500f68",
        "type": "github"
      },
      "original": {
        "owner": "nix-systems",
        "repo": "default-linux",
        "type": "github"
      }
    },
    "treefmt-nix": {
      "inputs": {
        "nixpkgs": "nixpkgs_7"
      },
      "locked": {
        "lastModified": 1738070913,
        "narHash": "sha256-j6jC12vCFsTGDmY2u1H12lMr62fnclNjuCtAdF1a4Nk=",
        "owner": "numtide",
        "repo": "treefmt-nix",
        "rev": "bebf27d00f7d10ba75332a0541ac43676985dea3",
        "type": "github"
      },
      "original": {
        "owner": "numtide",
        "repo": "treefmt-nix",
        "type": "github"
      }
    },
    "xdph": {
      "inputs": {
        "hyprland-protocols": [
          "xremap-flake",
          "hyprland",
          "hyprland-protocols"
        ],
        "hyprlang": [
          "xremap-flake",
          "hyprland",
          "hyprlang"
        ],
        "hyprutils": [
          "xremap-flake",
          "hyprland",
          "hyprutils"
        ],
        "hyprwayland-scanner": [
          "xremap-flake",
          "hyprland",
          "hyprwayland-scanner"
        ],
        "nixpkgs": [
          "xremap-flake",
          "hyprland",
          "nixpkgs"
        ],
        "systems": [
          "xremap-flake",
          "hyprland",
          "systems"
        ]
      },
      "locked": {
        "lastModified": 1737634991,
        "narHash": "sha256-dBAnb7Kbnier30cA7AgxVSxxARmxKZ1vHZT33THSIr8=",
        "owner": "hyprwm",
        "repo": "xdg-desktop-portal-hyprland",
        "rev": "e09dfe2726c8008f983e45a0aa1a3b7416aaeb8a",
        "type": "github"
      },
      "original": {
        "owner": "hyprwm",
        "repo": "xdg-desktop-portal-hyprland",
        "type": "github"
      }
    },
    "xremap": {
      "flake": false,
      "locked": {
        "lastModified": 1737936184,
        "narHash": "sha256-71Uz2jdiMv5BsEYCqKpueQZrfcdga0wZIxoNKqZyYEo=",
        "owner": "k0kubun",
        "repo": "xremap",
        "rev": "1dc5ffb369d8f125c1caa8e1ed20d75c34f31c90",
        "type": "github"
      },
      "original": {
        "owner": "k0kubun",
        "ref": "v0.10.4",
        "repo": "xremap",
        "type": "github"
      }
    },
    "xremap-flake": {
      "inputs": {
        "crane": "crane",
        "devshell": "devshell",
        "flake-parts": "flake-parts",
        "home-manager": "home-manager_2",
        "hyprland": "hyprland",
        "nixpkgs": "nixpkgs_6",
        "treefmt-nix": "treefmt-nix",
        "xremap": "xremap"
      },
      "locked": {
        "lastModified": 1739050466,
        "narHash": "sha256-yEf3PKl6tsIQOaZe3RfD/K6PVRGudxovhdSd0DWhTLY=",
        "owner": "xremap",
        "repo": "nix-flake",
        "rev": "9acb02573b8eeb451dbe50687d3cfaf9c3d22171",
        "type": "github"
      },
      "original": {
        "owner": "xremap",
        "repo": "nix-flake",
        "type": "github"
      }
    }
  },
  "root": "root",
  "version": 7
}
